// !$*UTF8*$!
{
	archiveVersion = 1;
	classes = {
	};
	objectVersion = 56;
	objects = {

/* Begin PBXBuildFile section */
		19CACC322B8843DD0048B4F5 /* LocationManagerApp.swift in Sources */ = {isa = PBXBuildFile; fileRef = 19CACC312B8843DD0048B4F5 /* LocationManagerApp.swift */; };
		19CACC342B8843DD0048B4F5 /* ContentView.swift in Sources */ = {isa = PBXBuildFile; fileRef = 19CACC332B8843DD0048B4F5 /* ContentView.swift */; };
		19CACC362B8843E00048B4F5 /* Assets.xcassets in Resources */ = {isa = PBXBuildFile; fileRef = 19CACC352B8843E00048B4F5 /* Assets.xcassets */; };
		19CACC3A2B8843E00048B4F5 /* Preview Assets.xcassets in Resources */ = {isa = PBXBuildFile; fileRef = 19CACC392B8843E00048B4F5 /* Preview Assets.xcassets */; };
		19CACC442B8843E10048B4F5 /* LocationManagerTests.swift in Sources */ = {isa = PBXBuildFile; fileRef = 19CACC432B8843E10048B4F5 /* LocationManagerTests.swift */; };
		19CACC4E2B8843E10048B4F5 /* LocationManagerUITests.swift in Sources */ = {isa = PBXBuildFile; fileRef = 19CACC4D2B8843E10048B4F5 /* LocationManagerUITests.swift */; };
		19CACC502B8843E10048B4F5 /* LocationManagerUITestsLaunchTests.swift in Sources */ = {isa = PBXBuildFile; fileRef = 19CACC4F2B8843E10048B4F5 /* LocationManagerUITestsLaunchTests.swift */; };
/* End PBXBuildFile section */

/* Begin PBXContainerItemProxy section */
		19CACC402B8843E10048B4F5 /* PBXContainerItemProxy */ = {
			isa = PBXContainerItemProxy;
			containerPortal = 19CACC262B8843DD0048B4F5 /* Project object */;
			proxyType = 1;
			remoteGlobalIDString = 19CACC2D2B8843DD0048B4F5;
			remoteInfo = LocationManager;
		};
		19CACC4A2B8843E10048B4F5 /* PBXContainerItemProxy */ = {
			isa = PBXContainerItemProxy;
			containerPortal = 19CACC262B8843DD0048B4F5 /* Project object */;
			proxyType = 1;
			remoteGlobalIDString = 19CACC2D2B8843DD0048B4F5;
			remoteInfo = LocationManager;
		};
/* End PBXContainerItemProxy section */

/* Begin PBXFileReference section */
		19CACC2E2B8843DD0048B4F5 /* LocationManager.app */ = {isa = PBXFileReference; explicitFileType = wrapper.application; includeInIndex = 0; path = LocationManager.app; sourceTree = BUILT_PRODUCTS_DIR; };
		19CACC312B8843DD0048B4F5 /* LocationManagerApp.swift */ = {isa = PBXFileReference; lastKnownFileType = sourcecode.swift; path = LocationManagerApp.swift; sourceTree = "<group>"; };
		19CACC332B8843DD0048B4F5 /* ContentView.swift */ = {isa = PBXFileReference; lastKnownFileType = sourcecode.swift; path = ContentView.swift; sourceTree = "<group>"; };
		19CACC352B8843E00048B4F5 /* Assets.xcassets */ = {isa = PBXFileReference; lastKnownFileType = folder.assetcatalog; path = Assets.xcassets; sourceTree = "<group>"; };
		19CACC372B8843E00048B4F5 /* LocationManager.entitlements */ = {isa = PBXFileReference; lastKnownFileType = text.plist.entitlements; path = LocationManager.entitlements; sourceTree = "<group>"; };
		19CACC392B8843E00048B4F5 /* Preview Assets.xcassets */ = {isa = PBXFileReference; lastKnownFileType = folder.assetcatalog; path = "Preview Assets.xcassets"; sourceTree = "<group>"; };
		19CACC3F2B8843E10048B4F5 /* LocationManagerTests.xctest */ = {isa = PBXFileReference; explicitFileType = wrapper.cfbundle; includeInIndex = 0; path = LocationManagerTests.xctest; sourceTree = BUILT_PRODUCTS_DIR; };
		19CACC432B8843E10048B4F5 /* LocationManagerTests.swift */ = {isa = PBXFileReference; lastKnownFileType = sourcecode.swift; path = LocationManagerTests.swift; sourceTree = "<group>"; };
		19CACC492B8843E10048B4F5 /* LocationManagerUITests.xctest */ = {isa = PBXFileReference; explicitFileType = wrapper.cfbundle; includeInIndex = 0; path = LocationManagerUITests.xctest; sourceTree = BUILT_PRODUCTS_DIR; };
		19CACC4D2B8843E10048B4F5 /* LocationManagerUITests.swift */ = {isa = PBXFileReference; lastKnownFileType = sourcecode.swift; path = LocationManagerUITests.swift; sourceTree = "<group>"; };
		19CACC4F2B8843E10048B4F5 /* LocationManagerUITestsLaunchTests.swift */ = {isa = PBXFileReference; lastKnownFileType = sourcecode.swift; path = LocationManagerUITestsLaunchTests.swift; sourceTree = "<group>"; };
/* End PBXFileReference section */

/* Begin PBXFrameworksBuildPhase section */
		19CACC2B2B8843DD0048B4F5 /* Frameworks */ = {
			isa = PBXFrameworksBuildPhase;
			buildActionMask = 2147483647;
			files = (
			);
			runOnlyForDeploymentPostprocessing = 0;
		};
		19CACC3C2B8843E10048B4F5 /* Frameworks */ = {
			isa = PBXFrameworksBuildPhase;
			buildActionMask = 2147483647;
			files = (
			);
			runOnlyForDeploymentPostprocessing = 0;
		};
		19CACC462B8843E10048B4F5 /* Frameworks */ = {
			isa = PBXFrameworksBuildPhase;
			buildActionMask = 2147483647;
			files = (
			);
			runOnlyForDeploymentPostprocessing = 0;
		};
/* End PBXFrameworksBuildPhase section */

/* Begin PBXGroup section */
		19CACC252B8843DD0048B4F5 = {
			isa = PBXGroup;
			children = (
				19CACC302B8843DD0048B4F5 /* LocationManager */,
				19CACC422B8843E10048B4F5 /* LocationManagerTests */,
				19CACC4C2B8843E10048B4F5 /* LocationManagerUITests */,
				19CACC2F2B8843DD0048B4F5 /* Products */,
			);
			sourceTree = "<group>";
		};
		19CACC2F2B8843DD0048B4F5 /* Products */ = {
			isa = PBXGroup;
			children = (
				19CACC2E2B8843DD0048B4F5 /* LocationManager.app */,
				19CACC3F2B8843E10048B4F5 /* LocationManagerTests.xctest */,
				19CACC492B8843E10048B4F5 /* LocationManagerUITests.xctest */,
			);
			name = Products;
			sourceTree = "<group>";
		};
		19CACC302B8843DD0048B4F5 /* LocationManager */ = {
			isa = PBXGroup;
			children = (
				19CACC312B8843DD0048B4F5 /* LocationManagerApp.swift */,
				19CACC332B8843DD0048B4F5 /* ContentView.swift */,
				19CACC352B8843E00048B4F5 /* Assets.xcassets */,
				19CACC372B8843E00048B4F5 /* LocationManager.entitlements */,
				19CACC382B8843E00048B4F5 /* Preview Content */,
			);
			path = LocationManager;
			sourceTree = "<group>";
		};
		19CACC382B8843E00048B4F5 /* Preview Content */ = {
			isa = PBXGroup;
			children = (
				19CACC392B8843E00048B4F5 /* Preview Assets.xcassets */,
			);
			path = "Preview Content";
			sourceTree = "<group>";
		};
		19CACC422B8843E10048B4F5 /* LocationManagerTests */ = {
			isa = PBXGroup;
			children = (
				19CACC432B8843E10048B4F5 /* LocationManagerTests.swift */,
			);
			path = LocationManagerTests;
			sourceTree = "<group>";
		};
		19CACC4C2B8843E10048B4F5 /* LocationManagerUITests */ = {
			isa = PBXGroup;
			children = (
				19CACC4D2B8843E10048B4F5 /* LocationManagerUITests.swift */,
				19CACC4F2B8843E10048B4F5 /* LocationManagerUITestsLaunchTests.swift */,
			);
			path = LocationManagerUITests;
			sourceTree = "<group>";
		};
/* End PBXGroup section */

/* Begin PBXNativeTarget section */
		19CACC2D2B8843DD0048B4F5 /* LocationManager */ = {
			isa = PBXNativeTarget;
			buildConfigurationList = 19CACC532B8843E10048B4F5 /* Build configuration list for PBXNativeTarget "LocationManager" */;
			buildPhases = (
				19CACC2A2B8843DD0048B4F5 /* Sources */,
				19CACC2B2B8843DD0048B4F5 /* Frameworks */,
				19CACC2C2B8843DD0048B4F5 /* Resources */,
			);
			buildRules = (
			);
			dependencies = (
			);
			name = LocationManager;
			productName = LocationManager;
			productReference = 19CACC2E2B8843DD0048B4F5 /* LocationManager.app */;
			productType = "com.apple.product-type.application";
		};
		19CACC3E2B8843E10048B4F5 /* LocationManagerTests */ = {
			isa = PBXNativeTarget;
			buildConfigurationList = 19CACC562B8843E10048B4F5 /* Build configuration list for PBXNativeTarget "LocationManagerTests" */;
			buildPhases = (
				19CACC3B2B8843E10048B4F5 /* Sources */,
				19CACC3C2B8843E10048B4F5 /* Frameworks */,
				19CACC3D2B8843E10048B4F5 /* Resources */,
			);
			buildRules = (
			);
			dependencies = (
				19CACC412B8843E10048B4F5 /* PBXTargetDependency */,
			);
			name = LocationManagerTests;
			productName = LocationManagerTests;
			productReference = 19CACC3F2B8843E10048B4F5 /* LocationManagerTests.xctest */;
			productType = "com.apple.product-type.bundle.unit-test";
		};
		19CACC482B8843E10048B4F5 /* LocationManagerUITests */ = {
			isa = PBXNativeTarget;
			buildConfigurationList = 19CACC592B8843E10048B4F5 /* Build configuration list for PBXNativeTarget "LocationManagerUITests" */;
			buildPhases = (
				19CACC452B8843E10048B4F5 /* Sources */,
				19CACC462B8843E10048B4F5 /* Frameworks */,
				19CACC472B8843E10048B4F5 /* Resources */,
			);
			buildRules = (
			);
			dependencies = (
				19CACC4B2B8843E10048B4F5 /* PBXTargetDependency */,
			);
			name = LocationManagerUITests;
			productName = LocationManagerUITests;
			productReference = 19CACC492B8843E10048B4F5 /* LocationManagerUITests.xctest */;
			productType = "com.apple.product-type.bundle.ui-testing";
		};
/* End PBXNativeTarget section */

/* Begin PBXProject section */
		19CACC262B8843DD0048B4F5 /* Project object */ = {
			isa = PBXProject;
			attributes = {
				BuildIndependentTargetsInParallel = 1;
				LastSwiftUpdateCheck = 1420;
				LastUpgradeCheck = 1420;
				TargetAttributes = {
					19CACC2D2B8843DD0048B4F5 = {
						CreatedOnToolsVersion = 14.2;
					};
					19CACC3E2B8843E10048B4F5 = {
						CreatedOnToolsVersion = 14.2;
						TestTargetID = 19CACC2D2B8843DD0048B4F5;
					};
					19CACC482B8843E10048B4F5 = {
						CreatedOnToolsVersion = 14.2;
						TestTargetID = 19CACC2D2B8843DD0048B4F5;
					};
				};
			};
			buildConfigurationList = 19CACC292B8843DD0048B4F5 /* Build configuration list for PBXProject "LocationManager" */;
			compatibilityVersion = "Xcode 14.0";
			developmentRegion = en;
			hasScannedForEncodings = 0;
			knownRegions = (
				en,
				Base,
			);
			mainGroup = 19CACC252B8843DD0048B4F5;
			productRefGroup = 19CACC2F2B8843DD0048B4F5 /* Products */;
			projectDirPath = "";
			projectRoot = "";
			targets = (
				19CACC2D2B8843DD0048B4F5 /* LocationManager */,
				19CACC3E2B8843E10048B4F5 /* LocationManagerTests */,
				19CACC482B8843E10048B4F5 /* LocationManagerUITests */,
			);
		};
/* End PBXProject section */

/* Begin PBXResourcesBuildPhase section */
		19CACC2C2B8843DD0048B4F5 /* Resources */ = {
			isa = PBXResourcesBuildPhase;
			buildActionMask = 2147483647;
			files = (
				19CACC3A2B8843E00048B4F5 /* Preview Assets.xcassets in Resources */,
				19CACC362B8843E00048B4F5 /* Assets.xcassets in Resources */,
			);
			runOnlyForDeploymentPostprocessing = 0;
		};
		19CACC3D2B8843E10048B4F5 /* Resources */ = {
			isa = PBXResourcesBuildPhase;
			buildActionMask = 2147483647;
			files = (
			);
			runOnlyForDeploymentPostprocessing = 0;
		};
		19CACC472B8843E10048B4F5 /* Resources */ = {
			isa = PBXResourcesBuildPhase;
			buildActionMask = 2147483647;
			files = (
			);
			runOnlyForDeploymentPostprocessing = 0;
		};
/* End PBXResourcesBuildPhase section */

/* Begin PBXSourcesBuildPhase section */
		19CACC2A2B8843DD0048B4F5 /* Sources */ = {
			isa = PBXSourcesBuildPhase;
			buildActionMask = 2147483647;
			files = (
				19CACC342B8843DD0048B4F5 /* ContentView.swift in Sources */,
				19CACC322B8843DD0048B4F5 /* LocationManagerApp.swift in Sources */,
			);
			runOnlyForDeploymentPostprocessing = 0;
		};
		19CACC3B2B8843E10048B4F5 /* Sources */ = {
			isa = PBXSourcesBuildPhase;
			buildActionMask = 2147483647;
			files = (
				19CACC442B8843E10048B4F5 /* LocationManagerTests.swift in Sources */,
			);
			runOnlyForDeploymentPostprocessing = 0;
		};
		19CACC452B8843E10048B4F5 /* Sources */ = {
			isa = PBXSourcesBuildPhase;
			buildActionMask = 2147483647;
			files = (
				19CACC4E2B8843E10048B4F5 /* LocationManagerUITests.swift in Sources */,
				19CACC502B8843E10048B4F5 /* LocationManagerUITestsLaunchTests.swift in Sources */,
			);
			runOnlyForDeploymentPostprocessing = 0;
		};
/* End PBXSourcesBuildPhase section */

/* Begin PBXTargetDependency section */
		19CACC412B8843E10048B4F5 /* PBXTargetDependency */ = {
			isa = PBXTargetDependency;
			target = 19CACC2D2B8843DD0048B4F5 /* LocationManager */;
			targetProxy = 19CACC402B8843E10048B4F5 /* PBXContainerItemProxy */;
		};
		19CACC4B2B8843E10048B4F5 /* PBXTargetDependency */ = {
			isa = PBXTargetDependency;
			target = 19CACC2D2B8843DD0048B4F5 /* LocationManager */;
			targetProxy = 19CACC4A2B8843E10048B4F5 /* PBXContainerItemProxy */;
		};
/* End PBXTargetDependency section */

/* Begin XCBuildConfiguration section */
		19CACC512B8843E10048B4F5 /* Debug */ = {
			isa = XCBuildConfiguration;
			buildSettings = {
				ALWAYS_SEARCH_USER_PATHS = NO;
				CLANG_ANALYZER_NONNULL = YES;
				CLANG_ANALYZER_NUMBER_OBJECT_CONVERSION = YES_AGGRESSIVE;
				CLANG_CXX_LANGUAGE_STANDARD = "gnu++20";
				CLANG_ENABLE_MODULES = YES;
				CLANG_ENABLE_OBJC_ARC = YES;
				CLANG_ENABLE_OBJC_WEAK = YES;
				CLANG_WARN_BLOCK_CAPTURE_AUTORELEASING = YES;
				CLANG_WARN_BOOL_CONVERSION = YES;
				CLANG_WARN_COMMA = YES;
				CLANG_WARN_CONSTANT_CONVERSION = YES;
				CLANG_WARN_DEPRECATED_OBJC_IMPLEMENTATIONS = YES;
				CLANG_WARN_DIRECT_OBJC_ISA_USAGE = YES_ERROR;
				CLANG_WARN_DOCUMENTATION_COMMENTS = YES;
				CLANG_WARN_EMPTY_BODY = YES;
				CLANG_WARN_ENUM_CONVERSION = YES;
				CLANG_WARN_INFINITE_RECURSION = YES;
				CLANG_WARN_INT_CONVERSION = YES;
				CLANG_WARN_NON_LITERAL_NULL_CONVERSION = YES;
				CLANG_WARN_OBJC_IMPLICIT_RETAIN_SELF = YES;
				CLANG_WARN_OBJC_LITERAL_CONVERSION = YES;
				CLANG_WARN_OBJC_ROOT_CLASS = YES_ERROR;
				CLANG_WARN_QUOTED_INCLUDE_IN_FRAMEWORK_HEADER = YES;
				CLANG_WARN_RANGE_LOOP_ANALYSIS = YES;
				CLANG_WARN_STRICT_PROTOTYPES = YES;
				CLANG_WARN_SUSPICIOUS_MOVE = YES;
				CLANG_WARN_UNGUARDED_AVAILABILITY = YES_AGGRESSIVE;
				CLANG_WARN_UNREACHABLE_CODE = YES;
				CLANG_WARN__DUPLICATE_METHOD_MATCH = YES;
				COPY_PHASE_STRIP = NO;
				DEBUG_INFORMATION_FORMAT = dwarf;
				ENABLE_STRICT_OBJC_MSGSEND = YES;
				ENABLE_TESTABILITY = YES;
				GCC_C_LANGUAGE_STANDARD = gnu11;
				GCC_DYNAMIC_NO_PIC = NO;
				GCC_NO_COMMON_BLOCKS = YES;
				GCC_OPTIMIZATION_LEVEL = 0;
				GCC_PREPROCESSOR_DEFINITIONS = (
					"DEBUG=1",
					"$(inherited)",
				);
				GCC_WARN_64_TO_32_BIT_CONVERSION = YES;
				GCC_WARN_ABOUT_RETURN_TYPE = YES_ERROR;
				GCC_WARN_UNDECLARED_SELECTOR = YES;
				GCC_WARN_UNINITIALIZED_AUTOS = YES_AGGRESSIVE;
				GCC_WARN_UNUSED_FUNCTION = YES;
				GCC_WARN_UNUSED_VARIABLE = YES;
				MTL_ENABLE_DEBUG_INFO = INCLUDE_SOURCE;
				MTL_FAST_MATH = YES;
				ONLY_ACTIVE_ARCH = YES;
				SWIFT_ACTIVE_COMPILATION_CONDITIONS = DEBUG;
				SWIFT_OPTIMIZATION_LEVEL = "-Onone";
			};
			name = Debug;
		};
		19CACC522B8843E10048B4F5 /* Release */ = {
			isa = XCBuildConfiguration;
			buildSettings = {
				ALWAYS_SEARCH_USER_PATHS = NO;
				CLANG_ANALYZER_NONNULL = YES;
				CLANG_ANALYZER_NUMBER_OBJECT_CONVERSION = YES_AGGRESSIVE;
				CLANG_CXX_LANGUAGE_STANDARD = "gnu++20";
				CLANG_ENABLE_MODULES = YES;
				CLANG_ENABLE_OBJC_ARC = YES;
				CLANG_ENABLE_OBJC_WEAK = YES;
				CLANG_WARN_BLOCK_CAPTURE_AUTORELEASING = YES;
				CLANG_WARN_BOOL_CONVERSION = YES;
				CLANG_WARN_COMMA = YES;
				CLANG_WARN_CONSTANT_CONVERSION = YES;
				CLANG_WARN_DEPRECATED_OBJC_IMPLEMENTATIONS = YES;
				CLANG_WARN_DIRECT_OBJC_ISA_USAGE = YES_ERROR;
				CLANG_WARN_DOCUMENTATION_COMMENTS = YES;
				CLANG_WARN_EMPTY_BODY = YES;
				CLANG_WARN_ENUM_CONVERSION = YES;
				CLANG_WARN_INFINITE_RECURSION = YES;
				CLANG_WARN_INT_CONVERSION = YES;
				CLANG_WARN_NON_LITERAL_NULL_CONVERSION = YES;
				CLANG_WARN_OBJC_IMPLICIT_RETAIN_SELF = YES;
				CLANG_WARN_OBJC_LITERAL_CONVERSION = YES;
				CLANG_WARN_OBJC_ROOT_CLASS = YES_ERROR;
				CLANG_WARN_QUOTED_INCLUDE_IN_FRAMEWORK_HEADER = YES;
				CLANG_WARN_RANGE_LOOP_ANALYSIS = YES;
				CLANG_WARN_STRICT_PROTOTYPES = YES;
				CLANG_WARN_SUSPICIOUS_MOVE = YES;
				CLANG_WARN_UNGUARDED_AVAILABILITY = YES_AGGRESSIVE;
				CLANG_WARN_UNREACHABLE_CODE = YES;
				CLANG_WARN__DUPLICATE_METHOD_MATCH = YES;
				COPY_PHASE_STRIP = NO;
				DEBUG_INFORMATION_FORMAT = "dwarf-with-dsym";
				ENABLE_NS_ASSERTIONS = NO;
				ENABLE_STRICT_OBJC_MSGSEND = YES;
				GCC_C_LANGUAGE_STANDARD = gnu11;
				GCC_NO_COMMON_BLOCKS = YES;
				GCC_WARN_64_TO_32_BIT_CONVERSION = YES;
				GCC_WARN_ABOUT_RETURN_TYPE = YES_ERROR;
				GCC_WARN_UNDECLARED_SELECTOR = YES;
				GCC_WARN_UNINITIALIZED_AUTOS = YES_AGGRESSIVE;
				GCC_WARN_UNUSED_FUNCTION = YES;
				GCC_WARN_UNUSED_VARIABLE = YES;
				MTL_ENABLE_DEBUG_INFO = NO;
				MTL_FAST_MATH = YES;
				SWIFT_COMPILATION_MODE = wholemodule;
				SWIFT_OPTIMIZATION_LEVEL = "-O";
			};
			name = Release;
		};
		19CACC542B8843E10048B4F5 /* Debug */ = {
			isa = XCBuildConfiguration;
			buildSettings = {
				ASSETCATALOG_COMPILER_APPICON_NAME = AppIcon;
				ASSETCATALOG_COMPILER_GLOBAL_ACCENT_COLOR_NAME = AccentColor;
				CODE_SIGN_ENTITLEMENTS = LocationManager/LocationManager.entitlements;
				CODE_SIGN_STYLE = Automatic;
				CURRENT_PROJECT_VERSION = 1;
				DEVELOPMENT_ASSET_PATHS = "\"LocationManager/Preview Content\"";
				DEVELOPMENT_TEAM = GW582Z4DA7;
				ENABLE_HARDENED_RUNTIME = YES;
				ENABLE_PREVIEWS = YES;
				GENERATE_INFOPLIST_FILE = YES;
				"INFOPLIST_KEY_UIApplicationSceneManifest_Generation[sdk=iphoneos*]" = YES;
				"INFOPLIST_KEY_UIApplicationSceneManifest_Generation[sdk=iphonesimulator*]" = YES;
				"INFOPLIST_KEY_UIApplicationSupportsIndirectInputEvents[sdk=iphoneos*]" = YES;
				"INFOPLIST_KEY_UIApplicationSupportsIndirectInputEvents[sdk=iphonesimulator*]" = YES;
				"INFOPLIST_KEY_UILaunchScreen_Generation[sdk=iphoneos*]" = YES;
				"INFOPLIST_KEY_UILaunchScreen_Generation[sdk=iphonesimulator*]" = YES;
				"INFOPLIST_KEY_UIStatusBarStyle[sdk=iphoneos*]" = UIStatusBarStyleDefault;
				"INFOPLIST_KEY_UIStatusBarStyle[sdk=iphonesimulator*]" = UIStatusBarStyleDefault;
				INFOPLIST_KEY_UISupportedInterfaceOrientations_iPad = "UIInterfaceOrientationPortrait UIInterfaceOrientationPortraitUpsideDown UIInterfaceOrientationLandscapeLeft UIInterfaceOrientationLandscapeRight";
				INFOPLIST_KEY_UISupportedInterfaceOrientations_iPhone = "UIInterfaceOrientationPortrait UIInterfaceOrientationLandscapeLeft UIInterfaceOrientationLandscapeRight";
				IPHONEOS_DEPLOYMENT_TARGET = 16.2;
				LD_RUNPATH_SEARCH_PATHS = "@executable_path/Frameworks";
				"LD_RUNPATH_SEARCH_PATHS[sdk=macosx*]" = "@executable_path/../Frameworks";
				MACOSX_DEPLOYMENT_TARGET = 12.7;
				MARKETING_VERSION = 1.0;
				PRODUCT_BUNDLE_IDENTIFIER = "chalisa-thummaraj.LocationManager";
				PRODUCT_NAME = "$(TARGET_NAME)";
				SDKROOT = auto;
				SUPPORTED_PLATFORMS = "iphoneos iphonesimulator macosx";
				SWIFT_EMIT_LOC_STRINGS = YES;
				SWIFT_VERSION = 5.0;
				TARGETED_DEVICE_FAMILY = "1,2";
			};
			name = Debug;
		};
		19CACC552B8843E10048B4F5 /* Release */ = {
			isa = XCBuildConfiguration;
			buildSettings = {
				ASSETCATALOG_COMPILER_APPICON_NAME = AppIcon;
				ASSETCATALOG_COMPILER_GLOBAL_ACCENT_COLOR_NAME = AccentColor;
				CODE_SIGN_ENTITLEMENTS = LocationManager/LocationManager.entitlements;
				CODE_SIGN_STYLE = Automatic;
				CURRENT_PROJECT_VERSION = 1;
				DEVELOPMENT_ASSET_PATHS = "\"LocationManager/Preview Content\"";
				DEVELOPMENT_TEAM = GW582Z4DA7;
				ENABLE_HARDENED_RUNTIME = YES;
				ENABLE_PREVIEWS = YES;
				GENERATE_INFOPLIST_FILE = YES;
				"INFOPLIST_KEY_UIApplicationSceneManifest_Generation[sdk=iphoneos*]" = YES;
				"INFOPLIST_KEY_UIApplicationSceneManifest_Generation[sdk=iphonesimulator*]" = YES;
				"INFOPLIST_KEY_UIApplicationSupportsIndirectInputEvents[sdk=iphoneos*]" = YES;
				"INFOPLIST_KEY_UIApplicationSupportsIndirectInputEvents[sdk=iphonesimulator*]" = YES;
				"INFOPLIST_KEY_UILaunchScreen_Generation[sdk=iphoneos*]" = YES;
				"INFOPLIST_KEY_UILaunchScreen_Generation[sdk=iphonesimulator*]" = YES;
				"INFOPLIST_KEY_UIStatusBarStyle[sdk=iphoneos*]" = UIStatusBarStyleDefault;
				"INFOPLIST_KEY_UIStatusBarStyle[sdk=iphonesimulator*]" = UIStatusBarStyleDefault;
				INFOPLIST_KEY_UISupportedInterfaceOrientations_iPad = "UIInterfaceOrientationPortrait UIInterfaceOrientationPortraitUpsideDown UIInterfaceOrientationLandscapeLeft UIInterfaceOrientationLandscapeRight";
				INFOPLIST_KEY_UISupportedInterfaceOrientations_iPhone = "UIInterfaceOrientationPortrait UIInterfaceOrientationLandscapeLeft UIInterfaceOrientationLandscapeRight";
				IPHONEOS_DEPLOYMENT_TARGET = 16.2;
				LD_RUNPATH_SEARCH_PATHS = "@executable_path/Frameworks";
				"LD_RUNPATH_SEARCH_PATHS[sdk=macosx*]" = "@executable_path/../Frameworks";
				MACOSX_DEPLOYMENT_TARGET = 12.7;
				MARKETING_VERSION = 1.0;
				PRODUCT_BUNDLE_IDENTIFIER = "chalisa-thummaraj.LocationManager";
				PRODUCT_NAME = "$(TARGET_NAME)";
				SDKROOT = auto;
				SUPPORTED_PLATFORMS = "iphoneos iphonesimulator macosx";
				SWIFT_EMIT_LOC_STRINGS = YES;
				SWIFT_VERSION = 5.0;
				TARGETED_DEVICE_FAMILY = "1,2";
			};
			name = Release;
		};
		19CACC572B8843E10048B4F5 /* Debug */ = {
			isa = XCBuildConfiguration;
			buildSettings = {
				ALWAYS_EMBED_SWIFT_STANDARD_LIBRARIES = YES;
				BUNDLE_LOADER = "$(TEST_HOST)";
				CODE_SIGN_STYLE = Automatic;
				CURRENT_PROJECT_VERSION = 1;
				DEVELOPMENT_TEAM = GW582Z4DA7;
				GENERATE_INFOPLIST_FILE = YES;
				IPHONEOS_DEPLOYMENT_TARGET = 16.2;
				MACOSX_DEPLOYMENT_TARGET = 12.7;
				MARKETING_VERSION = 1.0;
				PRODUCT_BUNDLE_IDENTIFIER = "chalisa-thummaraj.LocationManagerTests";
				PRODUCT_NAME = "$(TARGET_NAME)";
				SDKROOT = auto;
				SUPPORTED_PLATFORMS = "iphoneos iphonesimulator macosx";
				SWIFT_EMIT_LOC_STRINGS = NO;
				SWIFT_VERSION = 5.0;
				TARGETED_DEVICE_FAMILY = "1,2";
				TEST_HOST = "$(BUILT_PRODUCTS_DIR)/LocationManager.app/$(BUNDLE_EXECUTABLE_FOLDER_PATH)/LocationManager";
			};
			name = Debug;
		};
		19CACC582B8843E10048B4F5 /* Release */ = {
			isa = XCBuildConfiguration;
			buildSettings = {
				ALWAYS_EMBED_SWIFT_STANDARD_LIBRARIES = YES;
				BUNDLE_LOADER = "$(TEST_HOST)";
				CODE_SIGN_STYLE = Automatic;
				CURRENT_PROJECT_VERSION = 1;
				DEVELOPMENT_TEAM = GW582Z4DA7;
				GENERATE_INFOPLIST_FILE = YES;
				IPHONEOS_DEPLOYMENT_TARGET = 16.2;
				MACOSX_DEPLOYMENT_TARGET = 12.7;
				MARKETING_VERSION = 1.0;
				PRODUCT_BUNDLE_IDENTIFIER = "chalisa-thummaraj.LocationManagerTests";
				PRODUCT_NAME = "$(TARGET_NAME)";
				SDKROOT = auto;
				SUPPORTED_PLATFORMS = "iphoneos iphonesimulator macosx";
				SWIFT_EMIT_LOC_STRINGS = NO;
				SWIFT_VERSION = 5.0;
				TARGETED_DEVICE_FAMILY = "1,2";
				TEST_HOST = "$(BUILT_PRODUCTS_DIR)/LocationManager.app/$(BUNDLE_EXECUTABLE_FOLDER_PATH)/LocationManager";
			};
			name = Release;
		};
		19CACC5A2B8843E10048B4F5 /* Debug */ = {
			isa = XCBuildConfiguration;
			buildSettings = {
				ALWAYS_EMBED_SWIFT_STANDARD_LIBRARIES = YES;
				CODE_SIGN_STYLE = Automatic;
				CURRENT_PROJECT_VERSION = 1;
				DEVELOPMENT_TEAM = GW582Z4DA7;
				GENERATE_INFOPLIST_FILE = YES;
				IPHONEOS_DEPLOYMENT_TARGET = 16.2;
				MACOSX_DEPLOYMENT_TARGET = 12.7;
				MARKETING_VERSION = 1.0;
				PRODUCT_BUNDLE_IDENTIFIER = "chalisa-thummaraj.LocationManagerUITests";
				PRODUCT_NAME = "$(TARGET_NAME)";
				SDKROOT = auto;
				SUPPORTED_PLATFORMS = "iphoneos iphonesimulator macosx";
				SWIFT_EMIT_LOC_STRINGS = NO;
				SWIFT_VERSION = 5.0;
				TARGETED_DEVICE_FAMILY = "1,2";
				TEST_TARGET_NAME = LocationManager;
			};
			name = Debug;
		};
		19CACC5B2B8843E10048B4F5 /* Release */ = {
			isa = XCBuildConfiguration;
			buildSettings = {
				ALWAYS_EMBED_SWIFT_STANDARD_LIBRARIES = YES;
				CODE_SIGN_STYLE = Automatic;
				CURRENT_PROJECT_VERSION = 1;
				DEVELOPMENT_TEAM = GW582Z4DA7;
				GENERATE_INFOPLIST_FILE = YES;
				IPHONEOS_DEPLOYMENT_TARGET = 16.2;
				MACOSX_DEPLOYMENT_TARGET = 12.7;
				MARKETING_VERSION = 1.0;
				PRODUCT_BUNDLE_IDENTIFIER = "chalisa-thummaraj.LocationManagerUITests";
				PRODUCT_NAME = "$(TARGET_NAME)";
				SDKROOT = auto;
				SUPPORTED_PLATFORMS = "iphoneos iphonesimulator macosx";
				SWIFT_EMIT_LOC_STRINGS = NO;
				SWIFT_VERSION = 5.0;
				TARGETED_DEVICE_FAMILY = "1,2";
				TEST_TARGET_NAME = LocationManager;
			};
			name = Release;
		};
/* End XCBuildConfiguration section */

/* Begin XCConfigurationList section */
		19CACC292B8843DD0048B4F5 /* Build configuration list for PBXProject "LocationManager" */ = {
			isa = XCConfigurationList;
			buildConfigurations = (
				19CACC512B8843E10048B4F5 /* Debug */,
				19CACC522B8843E10048B4F5 /* Release */,
			);
			defaultConfigurationIsVisible = 0;
			defaultConfigurationName = Release;
		};
		19CACC532B8843E10048B4F5 /* Build configuration list for PBXNativeTarget "LocationManager" */ = {
			isa = XCConfigurationList;
			buildConfigurations = (
				19CACC542B8843E10048B4F5 /* Debug */,
				19CACC552B8843E10048B4F5 /* Release */,
			);
			defaultConfigurationIsVisible = 0;
			defaultConfigurationName = Release;
		};
		19CACC562B8843E10048B4F5 /* Build configuration list for PBXNativeTarget "LocationManagerTests" */ = {
			isa = XCConfigurationList;
			buildConfigurations = (
				19CACC572B8843E10048B4F5 /* Debug */,
				19CACC582B8843E10048B4F5 /* Release */,
			);
			defaultConfigurationIsVisible = 0;
			defaultConfigurationName = Release;
		};
		19CACC592B8843E10048B4F5 /* Build configuration list for PBXNativeTarget "LocationManagerUITests" */ = {
			isa = XCConfigurationList;
			buildConfigurations = (
				19CACC5A2B8843E10048B4F5 /* Debug */,
				19CACC5B2B8843E10048B4F5 /* Release */,
			);
			defaultConfigurationIsVisible = 0;
			defaultConfigurationName = Release;
		};
/* End XCConfigurationList section */
	};
	rootObject = 19CACC262B8843DD0048B4F5 /* Project object */;
}
